
Microsoft Visual Studio Solution File, Format Version 12.00
# Visual Studio Version 16
VisualStudioVersion = 16.0.30804.86
MinimumVisualStudioVersion = 10.0.40219.1
Project("{00D1A9C2-B5F0-4AF3-8072-F6C62B433612}") = "DatabaseBootCamp2020", "DatabaseBootCamp2020\DatabaseBootCamp2020.sqlproj", "{6AE3475E-8D7B-4D20-A60F-546EBDDC6777}"
EndProject
Project("{9A19103F-16F7-4668-BE54-9A1E7A4F7556}") = "API-ProjetPersoBootcamp2020", "API-ProjetPersoBootcamp2020\API-ProjetPersoBootcamp2020.csproj", "{5E59CDF1-7B16-4D26-9948-A1E29576BFB4}"
EndProject
Project("{9A19103F-16F7-4668-BE54-9A1E7A4F7556}") = "Api_ModelGobal", "Api_ModelGobal\Api_ModelGobal.csproj", "{1123C949-AEA1-4A04-B9BF-BEA0CFA9C303}"
EndProject
Project("{9A19103F-16F7-4668-BE54-9A1E7A4F7556}") = "Bibliotheque_Repositories", "Bibliotheque_Repositories\Bibliotheque_Repositories.csproj", "{B93502CA-D032-4017-8DB0-9B246EE01DC1}"
EndProject
Project("{9A19103F-16F7-4668-BE54-9A1E7A4F7556}") = "Api_ModelClient", "Api_ModelClient\Api_ModelClient.csproj", "{9FDFDCD0-5108-47C9-98B5-4FB4AAE84C67}"
EndProject
Project("{9A19103F-16F7-4668-BE54-9A1E7A4F7556}") = "API_EntitiesForm", "API_EntitiesForm\API_EntitiesForm.csproj", "{A9160D2D-DA66-4BED-990C-574CDBE61C54}"
EndProject
Project("{2150E333-8FDC-42A3-9474-1A3956D46DE8}") = "Api", "Api", "{74C3F651-7055-4F96-B3F1-99DDD76C8EBD}"
EndProject
Project("{2150E333-8FDC-42A3-9474-1A3956D46DE8}") = "DataBase", "DataBase", "{D762CD87-D37E-4152-A4F3-195511069FD6}"
EndProject
Project("{2150E333-8FDC-42A3-9474-1A3956D46DE8}") = "AspMvc", "AspMvc", "{C192C1AF-0DB5-422B-8A5A-FE0F9E38FE2D}"
EndProject
Project("{FAE04EC0-301F-11D3-BF4B-00C04F79EFBC}") = "ASP_ProjetPersoBootcamp2020", "ASP_ProjetPersoBootcamp2020\ASP_ProjetPersoBootcamp2020.csproj", "{32035233-E8EA-41CB-8989-50ED94BBA591}"
EndProject
Project("{FAE04EC0-301F-11D3-BF4B-00C04F79EFBC}") = "Asp_ModelGlobal", "Asp_ModelGlobal\Asp_ModelGlobal.csproj", "{3C3677E4-3C4F-4BCB-8FBD-15758D48228C}"
EndProject
Project("{FAE04EC0-301F-11D3-BF4B-00C04F79EFBC}") = "Asp_ModelClient", "Asp_ModelClient\Asp_ModelClient.csproj", "{0C3E177B-3727-4130-9F16-DA4BD1CFA768}"
EndProject
Global
	GlobalSection(SolutionConfigurationPlatforms) = preSolution
		Debug|Any CPU = Debug|Any CPU
		Release|Any CPU = Release|Any CPU
	EndGlobalSection
	GlobalSection(ProjectConfigurationPlatforms) = postSolution
		{6AE3475E-8D7B-4D20-A60F-546EBDDC6777}.Debug|Any CPU.ActiveCfg = Debug|Any CPU
		{6AE3475E-8D7B-4D20-A60F-546EBDDC6777}.Debug|Any CPU.Build.0 = Debug|Any CPU
		{6AE3475E-8D7B-4D20-A60F-546EBDDC6777}.Debug|Any CPU.Deploy.0 = Debug|Any CPU
		{6AE3475E-8D7B-4D20-A60F-546EBDDC6777}.Release|Any CPU.ActiveCfg = Release|Any CPU
		{6AE3475E-8D7B-4D20-A60F-546EBDDC6777}.Release|Any CPU.Build.0 = Release|Any CPU
		{6AE3475E-8D7B-4D20-A60F-546EBDDC6777}.Release|Any CPU.Deploy.0 = Release|Any CPU
		{5E59CDF1-7B16-4D26-9948-A1E29576BFB4}.Debug|Any CPU.ActiveCfg = Debug|Any CPU
		{5E59CDF1-7B16-4D26-9948-A1E29576BFB4}.Debug|Any CPU.Build.0 = Debug|Any CPU
		{5E59CDF1-7B16-4D26-9948-A1E29576BFB4}.Release|Any CPU.ActiveCfg = Release|Any CPU
		{5E59CDF1-7B16-4D26-9948-A1E29576BFB4}.Release|Any CPU.Build.0 = Release|Any CPU
		{1123C949-AEA1-4A04-B9BF-BEA0CFA9C303}.Debug|Any CPU.ActiveCfg = Debug|Any CPU
		{1123C949-AEA1-4A04-B9BF-BEA0CFA9C303}.Debug|Any CPU.Build.0 = Debug|Any CPU
		{1123C949-AEA1-4A04-B9BF-BEA0CFA9C303}.Release|Any CPU.ActiveCfg = Release|Any CPU
		{1123C949-AEA1-4A04-B9BF-BEA0CFA9C303}.Release|Any CPU.Build.0 = Release|Any CPU
		{B93502CA-D032-4017-8DB0-9B246EE01DC1}.Debug|Any CPU.ActiveCfg = Debug|Any CPU
		{B93502CA-D032-4017-8DB0-9B246EE01DC1}.Debug|Any CPU.Build.0 = Debug|Any CPU
		{B93502CA-D032-4017-8DB0-9B246EE01DC1}.Release|Any CPU.ActiveCfg = Release|Any CPU
		{B93502CA-D032-4017-8DB0-9B246EE01DC1}.Release|Any CPU.Build.0 = Release|Any CPU
		{9FDFDCD0-5108-47C9-98B5-4FB4AAE84C67}.Debug|Any CPU.ActiveCfg = Debug|Any CPU
		{9FDFDCD0-5108-47C9-98B5-4FB4AAE84C67}.Debug|Any CPU.Build.0 = Debug|Any CPU
		{9FDFDCD0-5108-47C9-98B5-4FB4AAE84C67}.Release|Any CPU.ActiveCfg = Release|Any CPU
		{9FDFDCD0-5108-47C9-98B5-4FB4AAE84C67}.Release|Any CPU.Build.0 = Release|Any CPU
		{A9160D2D-DA66-4BED-990C-574CDBE61C54}.Debug|Any CPU.ActiveCfg = Debug|Any CPU
		{A9160D2D-DA66-4BED-990C-574CDBE61C54}.Debug|Any CPU.Build.0 = Debug|Any CPU
		{A9160D2D-DA66-4BED-990C-574CDBE61C54}.Release|Any CPU.ActiveCfg = Release|Any CPU
		{A9160D2D-DA66-4BED-990C-574CDBE61C54}.Release|Any CPU.Build.0 = Release|Any CPU
		{32035233-E8EA-41CB-8989-50ED94BBA591}.Debug|Any CPU.ActiveCfg = Debug|Any CPU
		{32035233-E8EA-41CB-8989-50ED94BBA591}.Debug|Any CPU.Build.0 = Debug|Any CPU
		{32035233-E8EA-41CB-8989-50ED94BBA591}.Release|Any CPU.ActiveCfg = Release|Any CPU
		{32035233-E8EA-41CB-8989-50ED94BBA591}.Release|Any CPU.Build.0 = Release|Any CPU
		{3C3677E4-3C4F-4BCB-8FBD-15758D48228C}.Debug|Any CPU.ActiveCfg = Debug|Any CPU
		{3C3677E4-3C4F-4BCB-8FBD-15758D48228C}.Debug|Any CPU.Build.0 = Debug|Any CPU
		{3C3677E4-3C4F-4BCB-8FBD-15758D48228C}.Release|Any CPU.ActiveCfg = Release|Any CPU
		{3C3677E4-3C4F-4BCB-8FBD-15758D48228C}.Release|Any CPU.Build.0 = Release|Any CPU
		{0C3E177B-3727-4130-9F16-DA4BD1CFA768}.Debug|Any CPU.ActiveCfg = Debug|Any CPU
		{0C3E177B-3727-4130-9F16-DA4BD1CFA768}.Debug|Any CPU.Build.0 = Debug|Any CPU
		{0C3E177B-3727-4130-9F16-DA4BD1CFA768}.Release|Any CPU.ActiveCfg = Release|Any CPU
		{0C3E177B-3727-4130-9F16-DA4BD1CFA768}.Release|Any CPU.Build.0 = Release|Any CPU
	EndGlobalSection
	GlobalSection(SolutionProperties) = preSolution
		HideSolutionNode = FALSE
	EndGlobalSection
	GlobalSection(NestedProjects) = preSolution
		{6AE3475E-8D7B-4D20-A60F-546EBDDC6777} = {D762CD87-D37E-4152-A4F3-195511069FD6}
		{5E59CDF1-7B16-4D26-9948-A1E29576BFB4} = {74C3F651-7055-4F96-B3F1-99DDD76C8EBD}
		{1123C949-AEA1-4A04-B9BF-BEA0CFA9C303} = {74C3F651-7055-4F96-B3F1-99DDD76C8EBD}
		{9FDFDCD0-5108-47C9-98B5-4FB4AAE84C67} = {74C3F651-7055-4F96-B3F1-99DDD76C8EBD}
		{A9160D2D-DA66-4BED-990C-574CDBE61C54} = {74C3F651-7055-4F96-B3F1-99DDD76C8EBD}
		{32035233-E8EA-41CB-8989-50ED94BBA591} = {C192C1AF-0DB5-422B-8A5A-FE0F9E38FE2D}
		{3C3677E4-3C4F-4BCB-8FBD-15758D48228C} = {C192C1AF-0DB5-422B-8A5A-FE0F9E38FE2D}
		{0C3E177B-3727-4130-9F16-DA4BD1CFA768} = {C192C1AF-0DB5-422B-8A5A-FE0F9E38FE2D}
	EndGlobalSection
	GlobalSection(ExtensibilityGlobals) = postSolution
		SolutionGuid = {295C0F28-902E-4B4A-9018-02CB37896594}
	EndGlobalSection
EndGlobal
