
Microsoft Visual Studio Solution File, Format Version 12.00
# Visual Studio Version 16
VisualStudioVersion = 16.0.30804.86
MinimumVisualStudioVersion = 10.0.40219.1
Project("{00D1A9C2-B5F0-4AF3-8072-F6C62B433612}") = "DatabaseBootCamp2020", "DatabaseBootCamp2020\DatabaseBootCamp2020.sqlproj", "{6AE3475E-8D7B-4D20-A60F-546EBDDC6777}"
EndProject
Project("{FAE04EC0-301F-11D3-BF4B-00C04F79EFBC}") = "API-ProjetPersoBootcamp2020", "API-ProjetPersoBootcamp2020\API-ProjetPersoBootcamp2020.csproj", "{5E59CDF1-7B16-4D26-9948-A1E29576BFB4}"
EndProject
Project("{FAE04EC0-301F-11D3-BF4B-00C04F79EFBC}") = "Api_ModelGobal", "Api_ModelGobal\Api_ModelGobal.csproj", "{1123C949-AEA1-4A04-B9BF-BEA0CFA9C303}"
EndProject
Global
	GlobalSection(SolutionConfigurationPlatforms) = preSolution
		Debug|Any CPU = Debug|Any CPU
		Release|Any CPU = Release|Any CPU
	EndGlobalSection
	GlobalSection(ProjectConfigurationPlatforms) = postSolution
		{6AE3475E-8D7B-4D20-A60F-546EBDDC6777}.Debug|Any CPU.ActiveCfg = Debug|Any CPU
		{6AE3475E-8D7B-4D20-A60F-546EBDDC6777}.Debug|Any CPU.Build.0 = Debug|Any CPU
		{6AE3475E-8D7B-4D20-A60F-546EBDDC6777}.Debug|Any CPU.Deploy.0 = Debug|Any CPU
		{6AE3475E-8D7B-4D20-A60F-546EBDDC6777}.Release|Any CPU.ActiveCfg = Release|Any CPU
		{6AE3475E-8D7B-4D20-A60F-546EBDDC6777}.Release|Any CPU.Build.0 = Release|Any CPU
		{6AE3475E-8D7B-4D20-A60F-546EBDDC6777}.Release|Any CPU.Deploy.0 = Release|Any CPU
		{5E59CDF1-7B16-4D26-9948-A1E29576BFB4}.Debug|Any CPU.ActiveCfg = Debug|Any CPU
		{5E59CDF1-7B16-4D26-9948-A1E29576BFB4}.Debug|Any CPU.Build.0 = Debug|Any CPU
		{5E59CDF1-7B16-4D26-9948-A1E29576BFB4}.Release|Any CPU.ActiveCfg = Release|Any CPU
		{5E59CDF1-7B16-4D26-9948-A1E29576BFB4}.Release|Any CPU.Build.0 = Release|Any CPU
		{1123C949-AEA1-4A04-B9BF-BEA0CFA9C303}.Debug|Any CPU.ActiveCfg = Debug|Any CPU
		{1123C949-AEA1-4A04-B9BF-BEA0CFA9C303}.Debug|Any CPU.Build.0 = Debug|Any CPU
		{1123C949-AEA1-4A04-B9BF-BEA0CFA9C303}.Release|Any CPU.ActiveCfg = Release|Any CPU
		{1123C949-AEA1-4A04-B9BF-BEA0CFA9C303}.Release|Any CPU.Build.0 = Release|Any CPU
	EndGlobalSection
	GlobalSection(SolutionProperties) = preSolution
		HideSolutionNode = FALSE
	EndGlobalSection
	GlobalSection(ExtensibilityGlobals) = postSolution
		SolutionGuid = {295C0F28-902E-4B4A-9018-02CB37896594}
	EndGlobalSection
EndGlobal
